
Microsoft Visual Studio Solution File, Format Version 12.00
# Visual Studio Version 17
VisualStudioVersion = 17.0.31903.59
MinimumVisualStudioVersion = 10.0.40219.1
Project("{FAE04EC0-301F-11D3-BF4B-00C04F79EFBC}") = "API", "API\API.csproj", "{9C8528FC-C64C-442F-9158-7141CAABF8FE}"
EndProject
Project("{FAE04EC0-301F-11D3-BF4B-00C04F79EFBC}") = "Application", "Application\Application.csproj", "{F85E0337-5207-4189-9AED-CC1D039FCD69}"
EndProject
Project("{FAE04EC0-301F-11D3-BF4B-00C04F79EFBC}") = "Domain", "Domain\Domain.csproj", "{82E74D40-0696-49B5-94D5-3A76FFBEC9EA}"
EndProject
Project("{FAE04EC0-301F-11D3-BF4B-00C04F79EFBC}") = "Persistance", "Persistance\Persistance.csproj", "{F358D7AC-CDC4-4D3C-AD0A-2469ECFF3695}"
EndProject
Global
	GlobalSection(SolutionConfigurationPlatforms) = preSolution
		Debug|Any CPU = Debug|Any CPU
		Debug|x64 = Debug|x64
		Debug|x86 = Debug|x86
		Release|Any CPU = Release|Any CPU
		Release|x64 = Release|x64
		Release|x86 = Release|x86
	EndGlobalSection
	GlobalSection(ProjectConfigurationPlatforms) = postSolution
		{9C8528FC-C64C-442F-9158-7141CAABF8FE}.Debug|Any CPU.ActiveCfg = Debug|Any CPU
		{9C8528FC-C64C-442F-9158-7141CAABF8FE}.Debug|Any CPU.Build.0 = Debug|Any CPU
		{9C8528FC-C64C-442F-9158-7141CAABF8FE}.Debug|x64.ActiveCfg = Debug|Any CPU
		{9C8528FC-C64C-442F-9158-7141CAABF8FE}.Debug|x64.Build.0 = Debug|Any CPU
		{9C8528FC-C64C-442F-9158-7141CAABF8FE}.Debug|x86.ActiveCfg = Debug|Any CPU
		{9C8528FC-C64C-442F-9158-7141CAABF8FE}.Debug|x86.Build.0 = Debug|Any CPU
		{9C8528FC-C64C-442F-9158-7141CAABF8FE}.Release|Any CPU.ActiveCfg = Release|Any CPU
		{9C8528FC-C64C-442F-9158-7141CAABF8FE}.Release|Any CPU.Build.0 = Release|Any CPU
		{9C8528FC-C64C-442F-9158-7141CAABF8FE}.Release|x64.ActiveCfg = Release|Any CPU
		{9C8528FC-C64C-442F-9158-7141CAABF8FE}.Release|x64.Build.0 = Release|Any CPU
		{9C8528FC-C64C-442F-9158-7141CAABF8FE}.Release|x86.ActiveCfg = Release|Any CPU
		{9C8528FC-C64C-442F-9158-7141CAABF8FE}.Release|x86.Build.0 = Release|Any CPU
		{F85E0337-5207-4189-9AED-CC1D039FCD69}.Debug|Any CPU.ActiveCfg = Debug|Any CPU
		{F85E0337-5207-4189-9AED-CC1D039FCD69}.Debug|Any CPU.Build.0 = Debug|Any CPU
		{F85E0337-5207-4189-9AED-CC1D039FCD69}.Debug|x64.ActiveCfg = Debug|Any CPU
		{F85E0337-5207-4189-9AED-CC1D039FCD69}.Debug|x64.Build.0 = Debug|Any CPU
		{F85E0337-5207-4189-9AED-CC1D039FCD69}.Debug|x86.ActiveCfg = Debug|Any CPU
		{F85E0337-5207-4189-9AED-CC1D039FCD69}.Debug|x86.Build.0 = Debug|Any CPU
		{F85E0337-5207-4189-9AED-CC1D039FCD69}.Release|Any CPU.ActiveCfg = Release|Any CPU
		{F85E0337-5207-4189-9AED-CC1D039FCD69}.Release|Any CPU.Build.0 = Release|Any CPU
		{F85E0337-5207-4189-9AED-CC1D039FCD69}.Release|x64.ActiveCfg = Release|Any CPU
		{F85E0337-5207-4189-9AED-CC1D039FCD69}.Release|x64.Build.0 = Release|Any CPU
		{F85E0337-5207-4189-9AED-CC1D039FCD69}.Release|x86.ActiveCfg = Release|Any CPU
		{F85E0337-5207-4189-9AED-CC1D039FCD69}.Release|x86.Build.0 = Release|Any CPU
		{82E74D40-0696-49B5-94D5-3A76FFBEC9EA}.Debug|Any CPU.ActiveCfg = Debug|Any CPU
		{82E74D40-0696-49B5-94D5-3A76FFBEC9EA}.Debug|Any CPU.Build.0 = Debug|Any CPU
		{82E74D40-0696-49B5-94D5-3A76FFBEC9EA}.Debug|x64.ActiveCfg = Debug|Any CPU
		{82E74D40-0696-49B5-94D5-3A76FFBEC9EA}.Debug|x64.Build.0 = Debug|Any CPU
		{82E74D40-0696-49B5-94D5-3A76FFBEC9EA}.Debug|x86.ActiveCfg = Debug|Any CPU
		{82E74D40-0696-49B5-94D5-3A76FFBEC9EA}.Debug|x86.Build.0 = Debug|Any CPU
		{82E74D40-0696-49B5-94D5-3A76FFBEC9EA}.Release|Any CPU.ActiveCfg = Release|Any CPU
		{82E74D40-0696-49B5-94D5-3A76FFBEC9EA}.Release|Any CPU.Build.0 = Release|Any CPU
		{82E74D40-0696-49B5-94D5-3A76FFBEC9EA}.Release|x64.ActiveCfg = Release|Any CPU
		{82E74D40-0696-49B5-94D5-3A76FFBEC9EA}.Release|x64.Build.0 = Release|Any CPU
		{82E74D40-0696-49B5-94D5-3A76FFBEC9EA}.Release|x86.ActiveCfg = Release|Any CPU
		{82E74D40-0696-49B5-94D5-3A76FFBEC9EA}.Release|x86.Build.0 = Release|Any CPU
		{F358D7AC-CDC4-4D3C-AD0A-2469ECFF3695}.Debug|Any CPU.ActiveCfg = Debug|Any CPU
		{F358D7AC-CDC4-4D3C-AD0A-2469ECFF3695}.Debug|Any CPU.Build.0 = Debug|Any CPU
		{F358D7AC-CDC4-4D3C-AD0A-2469ECFF3695}.Debug|x64.ActiveCfg = Debug|Any CPU
		{F358D7AC-CDC4-4D3C-AD0A-2469ECFF3695}.Debug|x64.Build.0 = Debug|Any CPU
		{F358D7AC-CDC4-4D3C-AD0A-2469ECFF3695}.Debug|x86.ActiveCfg = Debug|Any CPU
		{F358D7AC-CDC4-4D3C-AD0A-2469ECFF3695}.Debug|x86.Build.0 = Debug|Any CPU
		{F358D7AC-CDC4-4D3C-AD0A-2469ECFF3695}.Release|Any CPU.ActiveCfg = Release|Any CPU
		{F358D7AC-CDC4-4D3C-AD0A-2469ECFF3695}.Release|Any CPU.Build.0 = Release|Any CPU
		{F358D7AC-CDC4-4D3C-AD0A-2469ECFF3695}.Release|x64.ActiveCfg = Release|Any CPU
		{F358D7AC-CDC4-4D3C-AD0A-2469ECFF3695}.Release|x64.Build.0 = Release|Any CPU
		{F358D7AC-CDC4-4D3C-AD0A-2469ECFF3695}.Release|x86.ActiveCfg = Release|Any CPU
		{F358D7AC-CDC4-4D3C-AD0A-2469ECFF3695}.Release|x86.Build.0 = Release|Any CPU
	EndGlobalSection
	GlobalSection(SolutionProperties) = preSolution
		HideSolutionNode = FALSE
	EndGlobalSection
EndGlobal
